
Microsoft Visual Studio Solution File, Format Version 12.00
# Visual Studio 2013
Project("{FAE04EC0-301F-11D3-BF4B-00C04F79EFBC}") = "UnityVS.GambleWinner_RunFaster.CSharp", "UnityVS.GambleWinner_RunFaster.CSharp.csproj", "{8C0EB1EC-B29B-6EDA-D6BB-51D4F32D0F02}"
EndProject
Global
	GlobalSection(SolutionConfigurationPlatforms) = preSolution
		Debug|Any CPU = Debug|Any CPU
		Release|Any CPU = Release|Any CPU
	EndGlobalSection
	GlobalSection(ProjectConfigurationPlatforms) = postSolution
		{8C0EB1EC-B29B-6EDA-D6BB-51D4F32D0F02}.Debug|Any CPU.ActiveCfg = Debug|Any CPU
		{8C0EB1EC-B29B-6EDA-D6BB-51D4F32D0F02}.Debug|Any CPU.Build.0 = Debug|Any CPU
		{8C0EB1EC-B29B-6EDA-D6BB-51D4F32D0F02}.Release|Any CPU.ActiveCfg = Release|Any CPU
		{8C0EB1EC-B29B-6EDA-D6BB-51D4F32D0F02}.Release|Any CPU.Build.0 = Release|Any CPU
	EndGlobalSection
	GlobalSection(SolutionProperties) = preSolution
		HideSolutionNode = FALSE
	EndGlobalSection
EndGlobal
